{
  "object": {
    "pins": [
      {
        "package": "CollectiveSwift",
        "repositoryURL": "https://github.com/gpape/CollectiveSwift.git",
        "state": {
          "branch": "master",
          "revision": "bb3c54f50767a518d153877e03e30263fb606fe2",
          "version": null
        }
      }
    ]
  },
  "version": 1
}
