{
  "object": {
    "pins": [
      {
        "package": "CollectiveSwift",
        "repositoryURL": "https://github.com/gpape/CollectiveSwift.git",
        "state": {
          "branch": "master",
          "revision": "ab44fd3d33db84773bbc2941bc65adf0097ae3ea",
          "version": null
        }
      }
    ]
  },
  "version": 1
}
